github.com/TwiN/go-color v1.2.0 h1:Z18GljqDd5aSmIBYwp2JKLH9H63fd79MzFdW79fDt2k=
github.com/TwiN/go-color v1.2.0/go.mod h1:0QTVEPlu+AoCyTrho7bXbVkrCkVpdQr7YF7PYWEtSxM=
github.com/google/uuid v1.3.0 h1:t6JiXgmwXMjEs8VusXIJk2BXHsn+wx8BZdTaoZ5fu7I=
github.com/google/uuid v1.3.0/go.mod h1:TIyPZe4MgqvfeYDBFedMoGGpEw/LqOeaOT+nhxU+yHo=
